{
  "lockfileVersion": 1,
  "configVersion": 0,
  "workspaces": {
    "": {
      "name": "pocketbase-db-collection",
      "dependencies": {
        "@standard-schema/spec": "^1.1.0",
      },
      "devDependencies": {
        "@biomejs/biome": "2.3.8",
        "@tanstack/db": "^0.6.5",
        "@types/bun": "latest",
        "lefthook": "^2.0.8",
        "pocketbase": "^0.26.9",
        "typescript": "^5.9.0",
      },
      "peerDependencies": {
        "@tanstack/db": "^0.6.0",
        "pocketbase": "^0.26.0",
      },
    },
  },
  "packages": {
    "@biomejs/biome": ["@biomejs/biome@2.3.8", "", { "optionalDependencies": { "@biomejs/cli-darwin-arm64": "2.3.8", "@biomejs/cli-darwin-x64": "2.3.8", "@biomejs/cli-linux-arm64": "2.3.8", "@biomejs/cli-linux-arm64-musl": "2.3.8", "@biomejs/cli-linux-x64": "2.3.8", "@biomejs/cli-linux-x64-musl": "2.3.8", "@biomejs/cli-win32-arm64": "2.3.8", "@biomejs/cli-win32-x64": "2.3.8" }, "bin": { "biome": "bin/biome" } }, "sha512-Qjsgoe6FEBxWAUzwFGFrB+1+M8y/y5kwmg5CHac+GSVOdmOIqsAiXM5QMVGZJ1eCUCLlPZtq4aFAQ0eawEUuUA=="],

    "@biomejs/cli-darwin-arm64": ["@biomejs/cli-darwin-arm64@2.3.8", "", { "os": "darwin", "cpu": "arm64" }, "sha512-HM4Zg9CGQ3txTPflxD19n8MFPrmUAjaC7PQdLkugeeC0cQ+PiVrd7i09gaBS/11QKsTDBJhVg85CEIK9f50Qww=="],

    "@biomejs/cli-darwin-x64": ["@biomejs/cli-darwin-x64@2.3.8", "", { "os": "darwin", "cpu": "x64" }, "sha512-lUDQ03D7y/qEao7RgdjWVGCu+BLYadhKTm40HkpJIi6kn8LSv5PAwRlew/DmwP4YZ9ke9XXoTIQDO1vAnbRZlA=="],

    "@biomejs/cli-linux-arm64": ["@biomejs/cli-linux-arm64@2.3.8", "", { "os": "linux", "cpu": "arm64" }, "sha512-Uo1OJnIkJgSgF+USx970fsM/drtPcQ39I+JO+Fjsaa9ZdCN1oysQmy6oAGbyESlouz+rzEckLTF6DS7cWse95g=="],

    "@biomejs/cli-linux-arm64-musl": ["@biomejs/cli-linux-arm64-musl@2.3.8", "", { "os": "linux", "cpu": "arm64" }, "sha512-PShR4mM0sjksUMyxbyPNMxoKFPVF48fU8Qe8Sfx6w6F42verbwRLbz+QiKNiDPRJwUoMG1nPM50OBL3aOnTevA=="],

    "@biomejs/cli-linux-x64": ["@biomejs/cli-linux-x64@2.3.8", "", { "os": "linux", "cpu": "x64" }, "sha512-QDPMD5bQz6qOVb3kiBui0zKZXASLo0NIQ9JVJio5RveBEFgDgsvJFUvZIbMbUZT3T00M/1wdzwWXk4GIh0KaAw=="],

    "@biomejs/cli-linux-x64-musl": ["@biomejs/cli-linux-x64-musl@2.3.8", "", { "os": "linux", "cpu": "x64" }, "sha512-YGLkqU91r1276uwSjiUD/xaVikdxgV1QpsicT0bIA1TaieM6E5ibMZeSyjQ/izBn4tKQthUSsVZacmoJfa3pDA=="],

    "@biomejs/cli-win32-arm64": ["@biomejs/cli-win32-arm64@2.3.8", "", { "os": "win32", "cpu": "arm64" }, "sha512-H4IoCHvL1fXKDrTALeTKMiE7GGWFAraDwBYFquE/L/5r1927Te0mYIGseXi4F+lrrwhSWbSGt5qPFswNoBaCxg=="],

    "@biomejs/cli-win32-x64": ["@biomejs/cli-win32-x64@2.3.8", "", { "os": "win32", "cpu": "x64" }, "sha512-RguzimPoZWtBapfKhKjcWXBVI91tiSprqdBYu7tWhgN8pKRZhw24rFeNZTNf6UiBfjCYCi9eFQs/JzJZIhuK4w=="],

    "@standard-schema/spec": ["@standard-schema/spec@1.1.0", "", {}, "sha512-l2aFy5jALhniG5HgqrD6jXLi/rUWrKvqN/qJx6yoJsgKhblVd+iqqU4RCXavm/jPityDo5TCvKMnpjKnOriy0w=="],

    "@tanstack/db": ["@tanstack/db@0.6.5", "", { "dependencies": { "@standard-schema/spec": "^1.1.0", "@tanstack/db-ivm": "0.1.18", "@tanstack/pacer-lite": "^0.2.1" }, "peerDependencies": { "typescript": ">=4.7" } }, "sha512-gtCuAo4UtC9SR/kTMu5fVEff6qZ2R1FZi9X7MybtHKA6wve7RePifGG6qBI4OmMB+7juT5/+glNbnqZOrG0/pg=="],

    "@tanstack/db-ivm": ["@tanstack/db-ivm@0.1.18", "", { "dependencies": { "fractional-indexing": "^3.2.0", "sorted-btree": "^1.8.1" }, "peerDependencies": { "typescript": ">=4.7" } }, "sha512-+pZJiRKdoKRM5Epq9T7otD9ZJl82pRFauo7LKuJGrarjVKQ7r+QQlPe3kGdN9LEKSnuNGIWjX9OOY4M8kH4eLw=="],

    "@tanstack/pacer-lite": ["@tanstack/pacer-lite@0.2.2", "", {}, "sha512-eQ1MyLKCHyXiH7NbdmB80W77OhiMgGBUb+qDx/8WMGbwg5Lf/NlfD0TfNYAqY77i8V3AxoDoYdICrQE5ADw4Yw=="],

    "@types/bun": ["@types/bun@1.3.3", "", { "dependencies": { "bun-types": "1.3.3" } }, "sha512-ogrKbJ2X5N0kWLLFKeytG0eHDleBYtngtlbu9cyBKFtNL3cnpDZkNdQj8flVf6WTZUX5ulI9AY1oa7ljhSrp+g=="],

    "@types/node": ["@types/node@24.10.1", "", { "dependencies": { "undici-types": "~7.16.0" } }, "sha512-GNWcUTRBgIRJD5zj+Tq0fKOJ5XZajIiBroOF0yvj2bSU1WvNdYS/dn9UxwsujGW4JX06dnHyjV2y9rRaybH0iQ=="],

    "bun-types": ["bun-types@1.3.3", "", { "dependencies": { "@types/node": "*" } }, "sha512-z3Xwlg7j2l9JY27x5Qn3Wlyos8YAp0kKRlrePAOjgjMGS5IG6E7Jnlx736vH9UVI4wUICwwhC9anYL++XeOgTQ=="],

    "fractional-indexing": ["fractional-indexing@3.2.0", "", {}, "sha512-PcOxmqwYCW7O2ovKRU8OoQQj2yqTfEB/yeTYk4gPid6dN5ODRfU1hXd9tTVZzax/0NkO7AxpHykvZnT1aYp/BQ=="],

    "lefthook": ["lefthook@2.0.8", "", { "optionalDependencies": { "lefthook-darwin-arm64": "2.0.8", "lefthook-darwin-x64": "2.0.8", "lefthook-freebsd-arm64": "2.0.8", "lefthook-freebsd-x64": "2.0.8", "lefthook-linux-arm64": "2.0.8", "lefthook-linux-x64": "2.0.8", "lefthook-openbsd-arm64": "2.0.8", "lefthook-openbsd-x64": "2.0.8", "lefthook-windows-arm64": "2.0.8", "lefthook-windows-x64": "2.0.8" }, "bin": { "lefthook": "bin/index.js" } }, "sha512-FozDCKeSI+m3BP0cvyPgHch+yf7ClS3hDy1JsRUrbNmlyjqBcmlygnRXsZzpH+wHoNnF2fmfhJhkx/7S7IpaVw=="],

    "lefthook-darwin-arm64": ["lefthook-darwin-arm64@2.0.8", "", { "os": "darwin", "cpu": "arm64" }, "sha512-Nu52qmqhSP+DKKuKYKDkMkPbgvgTZv+ueEo1LVXidTcgxEwvrbe2balcdqdulQTsPfYtm3pCPvv8ikalHrH+Qg=="],

    "lefthook-darwin-x64": ["lefthook-darwin-x64@2.0.8", "", { "os": "darwin", "cpu": "x64" }, "sha512-EGNBw1vuXzphs/KyDchkglwnYNkKQH3EpptIPXcQCRC3WKiz87PSrwkOxjGtgDg6nLYWru3YUzgcFrIGUXjWPw=="],

    "lefthook-freebsd-arm64": ["lefthook-freebsd-arm64@2.0.8", "", { "os": "freebsd", "cpu": "arm64" }, "sha512-ZPua6y7y7l/0PpMJhU1ZAt4jl0dC3F+EGlSzy9v0vqzyoixk0HRqsz9nxN7wmJo/5vHhHJBjsE5/sEYS9Z8tsQ=="],

    "lefthook-freebsd-x64": ["lefthook-freebsd-x64@2.0.8", "", { "os": "freebsd", "cpu": "x64" }, "sha512-ab9M5gCsMeYzOeBoHIOz+zyVSnEZowwV2jn3Am+x625ZNcqU0T3eNf+a7ppopvkQjrehfmO3y5HiMVAkSAs1Vw=="],

    "lefthook-linux-arm64": ["lefthook-linux-arm64@2.0.8", "", { "os": "linux", "cpu": "arm64" }, "sha512-BaoUKmwnAbWssSwVHoA0HyJFX3m+Mp6xJhxD4YAu8H1mo8DNOWBG5J7DGXJRIiBTm6YjAXlerq8Pjfx4lycfYQ=="],

    "lefthook-linux-x64": ["lefthook-linux-x64@2.0.8", "", { "os": "linux", "cpu": "x64" }, "sha512-oNXcoGWsGy/U9gqE6PJpLtiNlGlAgoYtVmfc2gauNPRJehaQBaifD5/5aXPiWhRukUTQ1p9kuShFDpT2jOYn5Q=="],

    "lefthook-openbsd-arm64": ["lefthook-openbsd-arm64@2.0.8", "", { "os": "openbsd", "cpu": "arm64" }, "sha512-pxUgnilqsnDEWF7J5uNViHJ+Q4gSEQbRbrcIEdluBzjW34E20WK4UPk0bxZDQZAeaXTubNQEvyafmfY7dWe4Gg=="],

    "lefthook-openbsd-x64": ["lefthook-openbsd-x64@2.0.8", "", { "os": "openbsd", "cpu": "x64" }, "sha512-p50cpkWImLwU330JJuJaioNVT1X/Z56iqPOLEgBt2+1BlljmPe/eGrMArF4iIKfdZ4wFJ9f2h0gq+jyvQGFjSg=="],

    "lefthook-windows-arm64": ["lefthook-windows-arm64@2.0.8", "", { "os": "win32", "cpu": "arm64" }, "sha512-dStshOCvmg9sQSUmWNiLMLv52HFTVxC9JE2HGxCiHcK5oqVZS2v9cCZdFdiDZ1Xldi3ozLi2y7/Xpzul8Oqv5Q=="],

    "lefthook-windows-x64": ["lefthook-windows-x64@2.0.8", "", { "os": "win32", "cpu": "x64" }, "sha512-2YgT6feliy6CCDwbkT3pg1ylKD1b9lj+O5NdLsrxvZGRmO6ftXleWB4xfWKGGY8FrzAD2Y3eEVDv5n3NvGHDzw=="],

    "pocketbase": ["pocketbase@0.26.9", "", {}, "sha512-Tiv1/hNuUzRdvT0d8hF03dfzuefQ1WdSRp1A1q3wzFC/WYhQcbU/Qlaubl/3ZDo6xvFXBS8JAgBS/L+ms7nkVQ=="],

    "sorted-btree": ["sorted-btree@1.8.1", "", {}, "sha512-395+XIP+wqNn3USkFSrNz7G3Ss/MXlZEqesxvzCRFwL14h6e8LukDHdLBePn5pwbm5OQ9vGu8mDyz2lLDIqamQ=="],

    "typescript": ["typescript@5.9.3", "", { "bin": { "tsc": "bin/tsc", "tsserver": "bin/tsserver" } }, "sha512-jl1vZzPDinLr9eUt3J/t7V6FgNEw9QjvBPdysz9KfQDD41fQrC2Y4vKQdiaUpFT4bXlb1RHhLpp8wtm6M5TgSw=="],

    "undici-types": ["undici-types@7.16.0", "", {}, "sha512-Zz+aZWSj8LE6zoxD+xrjh4VfkIG8Ya6LvYkZqtUQGJPZjYl53ypCaUwWqo7eI0x66KBGeRo+mlBEkMSeSZ38Nw=="],
  }
}
